
Microsoft Visual Studio Solution File, Format Version 12.00
# Visual Studio 15
VisualStudioVersion = 15.0.28307.705
MinimumVisualStudioVersion = 10.0.40219.1
Project("{FAE04EC0-301F-11D3-BF4B-00C04F79EFBC}") = "UnityEditor.Facebook.Extensions", "UnityEditor.Facebook.Extensions\UnityEditor.Facebook.Extensions.csproj", "{957ACDAF-F583-49FB-9617-176E2D814715}"
EndProject
Global
	GlobalSection(SolutionConfigurationPlatforms) = preSolution
		Debug|Any CPU = Debug|Any CPU
		Release|Any CPU = Release|Any CPU
	EndGlobalSection
	GlobalSection(ProjectConfigurationPlatforms) = postSolution
		{957ACDAF-F583-49FB-9617-176E2D814715}.Debug|Any CPU.ActiveCfg = Debug|Any CPU
		{957ACDAF-F583-49FB-9617-176E2D814715}.Debug|Any CPU.Build.0 = Debug|Any CPU
		{957ACDAF-F583-49FB-9617-176E2D814715}.Release|Any CPU.ActiveCfg = Release|Any CPU
		{957ACDAF-F583-49FB-9617-176E2D814715}.Release|Any CPU.Build.0 = Release|Any CPU
	EndGlobalSection
	GlobalSection(SolutionProperties) = preSolution
		HideSolutionNode = FALSE
	EndGlobalSection
	GlobalSection(ExtensibilityGlobals) = postSolution
		SolutionGuid = {0DA5454B-7B83-4F29-BA7F-7408A89863C9}
	EndGlobalSection
EndGlobal
